
Microsoft Visual Studio Solution File, Format Version 12.00
# Visual Studio Version 16
VisualStudioVersion = 16.0.33927.289
MinimumVisualStudioVersion = 10.0.40219.1
Project("{FAE04EC0-301F-11D3-BF4B-00C04F79EFBC}") = "InsuranceManagement", "InsuranceManagement\InsuranceManagement.csproj", "{6DA526C1-0CD1-4107-8FA4-E479CB0A001A}"
EndProject
Global
	GlobalSection(SolutionConfigurationPlatforms) = preSolution
		Debug|Any CPU = Debug|Any CPU
		Release|Any CPU = Release|Any CPU
	EndGlobalSection
	GlobalSection(ProjectConfigurationPlatforms) = postSolution
		{6DA526C1-0CD1-4107-8FA4-E479CB0A001A}.Debug|Any CPU.ActiveCfg = Debug|Any CPU
		{6DA526C1-0CD1-4107-8FA4-E479CB0A001A}.Debug|Any CPU.Build.0 = Debug|Any CPU
		{6DA526C1-0CD1-4107-8FA4-E479CB0A001A}.Release|Any CPU.ActiveCfg = Release|Any CPU
		{6DA526C1-0CD1-4107-8FA4-E479CB0A001A}.Release|Any CPU.Build.0 = Release|Any CPU
	EndGlobalSection
	GlobalSection(SolutionProperties) = preSolution
		HideSolutionNode = FALSE
	EndGlobalSection
	GlobalSection(ExtensibilityGlobals) = postSolution
		SolutionGuid = {3BC34F94-C335-4F9D-BB28-19427E394C81}
	EndGlobalSection
EndGlobal
